// !$*UTF8*$!
{
	archiveVersion = 1;
	classes = {
	};
	objectVersion = 46;
	objects = {

/* Begin PBXBuildFile section */
		41D218531EC1961E00FFEB7C /* AppDelegate.swift in Sources */ = {isa = PBXBuildFile; fileRef = 41D218521EC1961E00FFEB7C /* AppDelegate.swift */; };
		41D218551EC1961E00FFEB7C /* ViewController.swift in Sources */ = {isa = PBXBuildFile; fileRef = 41D218541EC1961E00FFEB7C /* ViewController.swift */; };
		41D218581EC1961E00FFEB7C /* Main.storyboard in Resources */ = {isa = PBXBuildFile; fileRef = 41D218561EC1961E00FFEB7C /* Main.storyboard */; };
		41D2185A1EC1961E00FFEB7C /* Assets.xcassets in Resources */ = {isa = PBXBuildFile; fileRef = 41D218591EC1961E00FFEB7C /* Assets.xcassets */; };
		41D2185D1EC1961E00FFEB7C /* LaunchScreen.storyboard in Resources */ = {isa = PBXBuildFile; fileRef = 41D2185B1EC1961E00FFEB7C /* LaunchScreen.storyboard */; };
		41D218761EC19C2400FFEB7C /* Icon@2x.png in Resources */ = {isa = PBXBuildFile; fileRef = 41D218741EC19C2400FFEB7C /* Icon@2x.png */; };
		41D218771EC19C2400FFEB7C /* Icon@3x.png in Resources */ = {isa = PBXBuildFile; fileRef = 41D218751EC19C2400FFEB7C /* Icon@3x.png */; };
		41D2187A1EC1A4FA00FFEB7C /* Icon1@2x.png in Resources */ = {isa = PBXBuildFile; fileRef = 41D218781EC1A4FA00FFEB7C /* Icon1@2x.png */; };
		41D2187B1EC1A4FA00FFEB7C /* Icon1@3x.png in Resources */ = {isa = PBXBuildFile; fileRef = 41D218791EC1A4FA00FFEB7C /* Icon1@3x.png */; };
		41D2187E1EC1A56500FFEB7C /* Icon2@3x.png in Resources */ = {isa = PBXBuildFile; fileRef = 41D2187C1EC1A56500FFEB7C /* Icon2@3x.png */; };
		41D2187F1EC1A56500FFEB7C /* Icon2@2x.png in Resources */ = {isa = PBXBuildFile; fileRef = 41D2187D1EC1A56500FFEB7C /* Icon2@2x.png */; };
/* End PBXBuildFile section */

/* Begin PBXFileReference section */
		41D2184F1EC1961E00FFEB7C /* TestApplicationIcon.app */ = {isa = PBXFileReference; explicitFileType = wrapper.application; includeInIndex = 0; path = TestApplicationIcon.app; sourceTree = BUILT_PRODUCTS_DIR; };
		41D218521EC1961E00FFEB7C /* AppDelegate.swift */ = {isa = PBXFileReference; lastKnownFileType = sourcecode.swift; path = AppDelegate.swift; sourceTree = "<group>"; };
		41D218541EC1961E00FFEB7C /* ViewController.swift */ = {isa = PBXFileReference; lastKnownFileType = sourcecode.swift; path = ViewController.swift; sourceTree = "<group>"; };
		41D218571EC1961E00FFEB7C /* Base */ = {isa = PBXFileReference; lastKnownFileType = file.storyboard; name = Base; path = Base.lproj/Main.storyboard; sourceTree = "<group>"; };
		41D218591EC1961E00FFEB7C /* Assets.xcassets */ = {isa = PBXFileReference; lastKnownFileType = folder.assetcatalog; path = Assets.xcassets; sourceTree = "<group>"; };
		41D2185C1EC1961E00FFEB7C /* Base */ = {isa = PBXFileReference; lastKnownFileType = file.storyboard; name = Base; path = Base.lproj/LaunchScreen.storyboard; sourceTree = "<group>"; };
		41D2185E1EC1961E00FFEB7C /* Info.plist */ = {isa = PBXFileReference; lastKnownFileType = text.plist.xml; path = Info.plist; sourceTree = "<group>"; };
		41D218741EC19C2400FFEB7C /* Icon@2x.png */ = {isa = PBXFileReference; lastKnownFileType = image.png; path = "Icon@2x.png"; sourceTree = "<group>"; };
		41D218751EC19C2400FFEB7C /* Icon@3x.png */ = {isa = PBXFileReference; lastKnownFileType = image.png; path = "Icon@3x.png"; sourceTree = "<group>"; };
		41D218781EC1A4FA00FFEB7C /* Icon1@2x.png */ = {isa = PBXFileReference; lastKnownFileType = image.png; path = "Icon1@2x.png"; sourceTree = "<group>"; };
		41D218791EC1A4FA00FFEB7C /* Icon1@3x.png */ = {isa = PBXFileReference; lastKnownFileType = image.png; path = "Icon1@3x.png"; sourceTree = "<group>"; };
		41D2187C1EC1A56500FFEB7C /* Icon2@3x.png */ = {isa = PBXFileReference; lastKnownFileType = image.png; path = "Icon2@3x.png"; sourceTree = "<group>"; };
		41D2187D1EC1A56500FFEB7C /* Icon2@2x.png */ = {isa = PBXFileReference; lastKnownFileType = image.png; path = "Icon2@2x.png"; sourceTree = "<group>"; };
/* End PBXFileReference section */

/* Begin PBXFrameworksBuildPhase section */
		41D2184C1EC1961E00FFEB7C /* Frameworks */ = {
			isa = PBXFrameworksBuildPhase;
			buildActionMask = 2147483647;
			files = (
			);
			runOnlyForDeploymentPostprocessing = 0;
		};
/* End PBXFrameworksBuildPhase section */

/* Begin PBXGroup section */
		41D218461EC1961E00FFEB7C = {
			isa = PBXGroup;
			children = (
				41D218511EC1961E00FFEB7C /* TestApplicationIcon */,
				41D218501EC1961E00FFEB7C /* Products */,
			);
			sourceTree = "<group>";
		};
		41D218501EC1961E00FFEB7C /* Products */ = {
			isa = PBXGroup;
			children = (
				41D2184F1EC1961E00FFEB7C /* TestApplicationIcon.app */,
			);
			name = Products;
			sourceTree = "<group>";
		};
		41D218511EC1961E00FFEB7C /* TestApplicationIcon */ = {
			isa = PBXGroup;
			children = (
				41D218521EC1961E00FFEB7C /* AppDelegate.swift */,
				41D218541EC1961E00FFEB7C /* ViewController.swift */,
				41D218561EC1961E00FFEB7C /* Main.storyboard */,
				41D218591EC1961E00FFEB7C /* Assets.xcassets */,
				41D2185B1EC1961E00FFEB7C /* LaunchScreen.storyboard */,
				41D2185E1EC1961E00FFEB7C /* Info.plist */,
				41D218741EC19C2400FFEB7C /* Icon@2x.png */,
				41D218751EC19C2400FFEB7C /* Icon@3x.png */,
				41D218781EC1A4FA00FFEB7C /* Icon1@2x.png */,
				41D218791EC1A4FA00FFEB7C /* Icon1@3x.png */,
				41D2187C1EC1A56500FFEB7C /* Icon2@3x.png */,
				41D2187D1EC1A56500FFEB7C /* Icon2@2x.png */,
			);
			path = TestApplicationIcon;
			sourceTree = "<group>";
		};
/* End PBXGroup section */

/* Begin PBXNativeTarget section */
		41D2184E1EC1961E00FFEB7C /* TestApplicationIcon */ = {
			isa = PBXNativeTarget;
			buildConfigurationList = 41D218611EC1961E00FFEB7C /* Build configuration list for PBXNativeTarget "TestApplicationIcon" */;
			buildPhases = (
				41D2184B1EC1961E00FFEB7C /* Sources */,
				41D2184C1EC1961E00FFEB7C /* Frameworks */,
				41D2184D1EC1961E00FFEB7C /* Resources */,
			);
			buildRules = (
			);
			dependencies = (
			);
			name = TestApplicationIcon;
			productName = TestApplicationIcon;
			productReference = 41D2184F1EC1961E00FFEB7C /* TestApplicationIcon.app */;
			productType = "com.apple.product-type.application";
		};
/* End PBXNativeTarget section */

/* Begin PBXProject section */
		41D218471EC1961E00FFEB7C /* Project object */ = {
			isa = PBXProject;
			attributes = {
				LastSwiftUpdateCheck = 0830;
				LastUpgradeCheck = 0830;
				ORGANIZATIONNAME = Xinxibin;
				TargetAttributes = {
					41D2184E1EC1961E00FFEB7C = {
						CreatedOnToolsVersion = 8.3;
						DevelopmentTeam = 34QXYKJ6T9;
						ProvisioningStyle = Automatic;
					};
				};
			};
			buildConfigurationList = 41D2184A1EC1961E00FFEB7C /* Build configuration list for PBXProject "TestApplicationIcon" */;
			compatibilityVersion = "Xcode 3.2";
			developmentRegion = English;
			hasScannedForEncodings = 0;
			knownRegions = (
				en,
				Base,
			);
			mainGroup = 41D218461EC1961E00FFEB7C;
			productRefGroup = 41D218501EC1961E00FFEB7C /* Products */;
			projectDirPath = "";
			projectRoot = "";
			targets = (
				41D2184E1EC1961E00FFEB7C /* TestApplicationIcon */,
			);
		};
/* End PBXProject section */

/* Begin PBXResourcesBuildPhase section */
		41D2184D1EC1961E00FFEB7C /* Resources */ = {
			isa = PBXResourcesBuildPhase;
			buildActionMask = 2147483647;
			files = (
				41D2187F1EC1A56500FFEB7C /* Icon2@2x.png in Resources */,
				41D2187B1EC1A4FA00FFEB7C /* Icon1@3x.png in Resources */,
				41D218761EC19C2400FFEB7C /* Icon@2x.png in Resources */,
				41D2185D1EC1961E00FFEB7C /* LaunchScreen.storyboard in Resources */,
				41D2187A1EC1A4FA00FFEB7C /* Icon1@2x.png in Resources */,
				41D2185A1EC1961E00FFEB7C /* Assets.xcassets in Resources */,
				41D2187E1EC1A56500FFEB7C /* Icon2@3x.png in Resources */,
				41D218581EC1961E00FFEB7C /* Main.storyboard in Resources */,
				41D218771EC19C2400FFEB7C /* Icon@3x.png in Resources */,
			);
			runOnlyForDeploymentPostprocessing = 0;
		};
/* End PBXResourcesBuildPhase section */

/* Begin PBXSourcesBuildPhase section */
		41D2184B1EC1961E00FFEB7C /* Sources */ = {
			isa = PBXSourcesBuildPhase;
			buildActionMask = 2147483647;
			files = (
				41D218551EC1961E00FFEB7C /* ViewController.swift in Sources */,
				41D218531EC1961E00FFEB7C /* AppDelegate.swift in Sources */,
			);
			runOnlyForDeploymentPostprocessing = 0;
		};
/* End PBXSourcesBuildPhase section */

/* Begin PBXVariantGroup section */
		41D218561EC1961E00FFEB7C /* Main.storyboard */ = {
			isa = PBXVariantGroup;
			children = (
				41D218571EC1961E00FFEB7C /* Base */,
			);
			name = Main.storyboard;
			sourceTree = "<group>";
		};
		41D2185B1EC1961E00FFEB7C /* LaunchScreen.storyboard */ = {
			isa = PBXVariantGroup;
			children = (
				41D2185C1EC1961E00FFEB7C /* Base */,
			);
			name = LaunchScreen.storyboard;
			sourceTree = "<group>";
		};
/* End PBXVariantGroup section */

/* Begin XCBuildConfiguration section */
		41D2185F1EC1961E00FFEB7C /* Debug */ = {
			isa = XCBuildConfiguration;
			buildSettings = {
				ALWAYS_SEARCH_USER_PATHS = NO;
				CLANG_ANALYZER_NONNULL = YES;
				CLANG_ANALYZER_NUMBER_OBJECT_CONVERSION = YES_AGGRESSIVE;
				CLANG_CXX_LANGUAGE_STANDARD = "gnu++0x";
				CLANG_CXX_LIBRARY = "libc++";
				CLANG_ENABLE_MODULES = YES;
				CLANG_ENABLE_OBJC_ARC = YES;
				CLANG_WARN_BOOL_CONVERSION = YES;
				CLANG_WARN_CONSTANT_CONVERSION = YES;
				CLANG_WARN_DIRECT_OBJC_ISA_USAGE = YES_ERROR;
				CLANG_WARN_DOCUMENTATION_COMMENTS = YES;
				CLANG_WARN_EMPTY_BODY = YES;
				CLANG_WARN_ENUM_CONVERSION = YES;
				CLANG_WARN_INFINITE_RECURSION = YES;
				CLANG_WARN_INT_CONVERSION = YES;
				CLANG_WARN_OBJC_ROOT_CLASS = YES_ERROR;
				CLANG_WARN_SUSPICIOUS_MOVE = YES;
				CLANG_WARN_UNREACHABLE_CODE = YES;
				CLANG_WARN__DUPLICATE_METHOD_MATCH = YES;
				"CODE_SIGN_IDENTITY[sdk=iphoneos*]" = "iPhone Developer";
				COPY_PHASE_STRIP = NO;
				DEBUG_INFORMATION_FORMAT = dwarf;
				ENABLE_STRICT_OBJC_MSGSEND = YES;
				ENABLE_TESTABILITY = YES;
				GCC_C_LANGUAGE_STANDARD = gnu99;
				GCC_DYNAMIC_NO_PIC = NO;
				GCC_NO_COMMON_BLOCKS = YES;
				GCC_OPTIMIZATION_LEVEL = 0;
				GCC_PREPROCESSOR_DEFINITIONS = (
					"DEBUG=1",
					"$(inherited)",
				);
				GCC_WARN_64_TO_32_BIT_CONVERSION = YES;
				GCC_WARN_ABOUT_RETURN_TYPE = YES_ERROR;
				GCC_WARN_UNDECLARED_SELECTOR = YES;
				GCC_WARN_UNINITIALIZED_AUTOS = YES_AGGRESSIVE;
				GCC_WARN_UNUSED_FUNCTION = YES;
				GCC_WARN_UNUSED_VARIABLE = YES;
				IPHONEOS_DEPLOYMENT_TARGET = 10.3;
				MTL_ENABLE_DEBUG_INFO = YES;
				ONLY_ACTIVE_ARCH = YES;
				SDKROOT = iphoneos;
				SWIFT_ACTIVE_COMPILATION_CONDITIONS = DEBUG;
				SWIFT_OPTIMIZATION_LEVEL = "-Onone";
			};
			name = Debug;
		};
		41D218601EC1961E00FFEB7C /* Release */ = {
			isa = XCBuildConfiguration;
			buildSettings = {
				ALWAYS_SEARCH_USER_PATHS = NO;
				CLANG_ANALYZER_NONNULL = YES;
				CLANG_ANALYZER_NUMBER_OBJECT_CONVERSION = YES_AGGRESSIVE;
				CLANG_CXX_LANGUAGE_STANDARD = "gnu++0x";
				CLANG_CXX_LIBRARY = "libc++";
				CLANG_ENABLE_MODULES = YES;
				CLANG_ENABLE_OBJC_ARC = YES;
				CLANG_WARN_BOOL_CONVERSION = YES;
				CLANG_WARN_CONSTANT_CONVERSION = YES;
				CLANG_WARN_DIRECT_OBJC_ISA_USAGE = YES_ERROR;
				CLANG_WARN_DOCUMENTATION_COMMENTS = YES;
				CLANG_WARN_EMPTY_BODY = YES;
				CLANG_WARN_ENUM_CONVERSION = YES;
				CLANG_WARN_INFINITE_RECURSION = YES;
				CLANG_WARN_INT_CONVERSION = YES;
				CLANG_WARN_OBJC_ROOT_CLASS = YES_ERROR;
				CLANG_WARN_SUSPICIOUS_MOVE = YES;
				CLANG_WARN_UNREACHABLE_CODE = YES;
				CLANG_WARN__DUPLICATE_METHOD_MATCH = YES;
				"CODE_SIGN_IDENTITY[sdk=iphoneos*]" = "iPhone Developer";
				COPY_PHASE_STRIP = NO;
				DEBUG_INFORMATION_FORMAT = "dwarf-with-dsym";
				ENABLE_NS_ASSERTIONS = NO;
				ENABLE_STRICT_OBJC_MSGSEND = YES;
				GCC_C_LANGUAGE_STANDARD = gnu99;
				GCC_NO_COMMON_BLOCKS = YES;
				GCC_WARN_64_TO_32_BIT_CONVERSION = YES;
				GCC_WARN_ABOUT_RETURN_TYPE = YES_ERROR;
				GCC_WARN_UNDECLARED_SELECTOR = YES;
				GCC_WARN_UNINITIALIZED_AUTOS = YES_AGGRESSIVE;
				GCC_WARN_UNUSED_FUNCTION = YES;
				GCC_WARN_UNUSED_VARIABLE = YES;
				IPHONEOS_DEPLOYMENT_TARGET = 10.3;
				MTL_ENABLE_DEBUG_INFO = NO;
				SDKROOT = iphoneos;
				SWIFT_OPTIMIZATION_LEVEL = "-Owholemodule";
				VALIDATE_PRODUCT = YES;
			};
			name = Release;
		};
		41D218621EC1961E00FFEB7C /* Debug */ = {
			isa = XCBuildConfiguration;
			buildSettings = {
				ASSETCATALOG_COMPILER_APPICON_NAME = AppIcon;
				DEVELOPMENT_TEAM = 34QXYKJ6T9;
				INFOPLIST_FILE = TestApplicationIcon/Info.plist;
				LD_RUNPATH_SEARCH_PATHS = "$(inherited) @executable_path/Frameworks";
				PRODUCT_BUNDLE_IDENTIFIER = xinxibin.com.TestApplicationIcon;
				PRODUCT_NAME = "$(TARGET_NAME)";
				SWIFT_VERSION = 3.0;
			};
			name = Debug;
		};
		41D218631EC1961E00FFEB7C /* Release */ = {
			isa = XCBuildConfiguration;
			buildSettings = {
				ASSETCATALOG_COMPILER_APPICON_NAME = AppIcon;
				DEVELOPMENT_TEAM = 34QXYKJ6T9;
				INFOPLIST_FILE = TestApplicationIcon/Info.plist;
				LD_RUNPATH_SEARCH_PATHS = "$(inherited) @executable_path/Frameworks";
				PRODUCT_BUNDLE_IDENTIFIER = xinxibin.com.TestApplicationIcon;
				PRODUCT_NAME = "$(TARGET_NAME)";
				SWIFT_VERSION = 3.0;
			};
			name = Release;
		};
/* End XCBuildConfiguration section */

/* Begin XCConfigurationList section */
		41D2184A1EC1961E00FFEB7C /* Build configuration list for PBXProject "TestApplicationIcon" */ = {
			isa = XCConfigurationList;
			buildConfigurations = (
				41D2185F1EC1961E00FFEB7C /* Debug */,
				41D218601EC1961E00FFEB7C /* Release */,
			);
			defaultConfigurationIsVisible = 0;
			defaultConfigurationName = Release;
		};
		41D218611EC1961E00FFEB7C /* Build configuration list for PBXNativeTarget "TestApplicationIcon" */ = {
			isa = XCConfigurationList;
			buildConfigurations = (
				41D218621EC1961E00FFEB7C /* Debug */,
				41D218631EC1961E00FFEB7C /* Release */,
			);
			defaultConfigurationIsVisible = 0;
		};
/* End XCConfigurationList section */
	};
	rootObject = 41D218471EC1961E00FFEB7C /* Project object */;
}
